
Microsoft Visual Studio Solution File, Format Version 12.00
Project("{FAE04EC0-301F-11D3-BF4B-00C04F79EFBC}") = "CodeWars-DoubleChar", "CodeWars-DoubleChar\CodeWars-DoubleChar.csproj", "{88E4AE2A-A20D-4B78-88C9-81DBE5594A04}"
EndProject
Global
	GlobalSection(SolutionConfigurationPlatforms) = preSolution
		Debug|Any CPU = Debug|Any CPU
		Release|Any CPU = Release|Any CPU
	EndGlobalSection
	GlobalSection(ProjectConfigurationPlatforms) = postSolution
		{88E4AE2A-A20D-4B78-88C9-81DBE5594A04}.Debug|Any CPU.ActiveCfg = Debug|Any CPU
		{88E4AE2A-A20D-4B78-88C9-81DBE5594A04}.Debug|Any CPU.Build.0 = Debug|Any CPU
		{88E4AE2A-A20D-4B78-88C9-81DBE5594A04}.Release|Any CPU.ActiveCfg = Release|Any CPU
		{88E4AE2A-A20D-4B78-88C9-81DBE5594A04}.Release|Any CPU.Build.0 = Release|Any CPU
	EndGlobalSection
EndGlobal
